{
	"name": "bard-js",
	"lockfileVersion": 3,
	"requires": true,
	"packages": {
		"": {
			"devDependencies": {
				"@types/node": "^20.2.4"
			},
			"version": "1.0.11"
		},
		"node_modules/@types/node": {
			"version": "20.2.4",
			"resolved": "https://registry.npmjs.org/@types/node/-/node-20.2.4.tgz",
			"integrity": "sha512-ni5f8Xlf4PwnT/Z3f0HURc3ZSw8UyrqMqmM3L5ysa7VjHu8c3FOmIo1nKCcLrV/OAmtf3N4kFna/aJqxsfEtnA==",
			"dev": true
		}
	},
	"version": "1.0.11"
}
